
Microsoft Visual Studio Solution File, Format Version 12.00
# Visual Studio Version 16
VisualStudioVersion = 16.0.29806.167
MinimumVisualStudioVersion = 10.0.40219.1
Project("{FAE04EC0-301F-11D3-BF4B-00C04F79EFBC}") = "SimpliPromo", "SimpliPromo\SimpliPromo.csproj", "{DFE0A332-75C5-4318-A6C3-C9E2D1FE033E}"
EndProject
Global
	GlobalSection(SolutionConfigurationPlatforms) = preSolution
		Debug|Any CPU = Debug|Any CPU
		Release|Any CPU = Release|Any CPU
	EndGlobalSection
	GlobalSection(ProjectConfigurationPlatforms) = postSolution
		{DFE0A332-75C5-4318-A6C3-C9E2D1FE033E}.Debug|Any CPU.ActiveCfg = Debug|Any CPU
		{DFE0A332-75C5-4318-A6C3-C9E2D1FE033E}.Debug|Any CPU.Build.0 = Debug|Any CPU
		{DFE0A332-75C5-4318-A6C3-C9E2D1FE033E}.Release|Any CPU.ActiveCfg = Release|Any CPU
		{DFE0A332-75C5-4318-A6C3-C9E2D1FE033E}.Release|Any CPU.Build.0 = Release|Any CPU
	EndGlobalSection
	GlobalSection(SolutionProperties) = preSolution
		HideSolutionNode = FALSE
	EndGlobalSection
	GlobalSection(ExtensibilityGlobals) = postSolution
		SolutionGuid = {F23189E1-45DE-47F0-B8C0-38FC05A1C8D0}
	EndGlobalSection
EndGlobal
